// !$*UTF8*$!
{
	archiveVersion = 1;
	classes = {
	};
	objectVersion = 46;
	objects = {

/* Begin PBXBuildFile section */
		D137CC1C192B085100DECA9A /* CoreDataTableViewController.m in Sources */ = {isa = PBXBuildFile; fileRef = D137CC1B192B085100DECA9A /* CoreDataTableViewController.m */; };
		D137CC23192B0BFB00DECA9A /* Model.xcdatamodeld in Sources */ = {isa = PBXBuildFile; fileRef = D137CC21192B0BFB00DECA9A /* Model.xcdatamodeld */; };
		D137CC26192B111C00DECA9A /* Photo.m in Sources */ = {isa = PBXBuildFile; fileRef = D137CC25192B111C00DECA9A /* Photo.m */; };
		D137CC29192B116300DECA9A /* Photographer.m in Sources */ = {isa = PBXBuildFile; fileRef = D137CC28192B116300DECA9A /* Photographer.m */; };
		D137CC2C192B117500DECA9A /* Place.m in Sources */ = {isa = PBXBuildFile; fileRef = D137CC2B192B117500DECA9A /* Place.m */; };
		D137CC2F192B118800DECA9A /* Region.m in Sources */ = {isa = PBXBuildFile; fileRef = D137CC2E192B118800DECA9A /* Region.m */; };
		D137CC36192B12B800DECA9A /* Photo+Flickr.m in Sources */ = {isa = PBXBuildFile; fileRef = D137CC33192B12B800DECA9A /* Photo+Flickr.m */; };
		D137CC37192B12B800DECA9A /* Photographer+Create.m in Sources */ = {isa = PBXBuildFile; fileRef = D137CC35192B12B800DECA9A /* Photographer+Create.m */; };
		D137CC3A192B150200DECA9A /* Place+Create.m in Sources */ = {isa = PBXBuildFile; fileRef = D137CC39192B150200DECA9A /* Place+Create.m */; };
		D137CC3D192B17B400DECA9A /* Region+Create.m in Sources */ = {isa = PBXBuildFile; fileRef = D137CC3C192B17B400DECA9A /* Region+Create.m */; };
		D163DEBF1921CCD60061D957 /* PhotosTVC.m in Sources */ = {isa = PBXBuildFile; fileRef = D163DEBE1921CCD60061D957 /* PhotosTVC.m */; };
		D163DEC51921F4260061D957 /* PhotoViewController.m in Sources */ = {isa = PBXBuildFile; fileRef = D163DEC41921F4260061D957 /* PhotoViewController.m */; };
		D1AFD4151922B825006C8265 /* RecentTVC.m in Sources */ = {isa = PBXBuildFile; fileRef = D1AFD4141922B825006C8265 /* RecentTVC.m */; };
		D1AFD4181922B8E2006C8265 /* RecentViewController.m in Sources */ = {isa = PBXBuildFile; fileRef = D1AFD4171922B8E2006C8265 /* RecentViewController.m */; };
		EC51E30C191B3281002272BE /* FlickrFetcher.m in Sources */ = {isa = PBXBuildFile; fileRef = EC51E30B191B3281002272BE /* FlickrFetcher.m */; };
		EC5B245819141C6000B822C3 /* Foundation.framework in Frameworks */ = {isa = PBXBuildFile; fileRef = EC5B245719141C5F00B822C3 /* Foundation.framework */; };
		EC5B245A19141C6000B822C3 /* CoreGraphics.framework in Frameworks */ = {isa = PBXBuildFile; fileRef = EC5B245919141C6000B822C3 /* CoreGraphics.framework */; };
		EC5B245C19141C6000B822C3 /* UIKit.framework in Frameworks */ = {isa = PBXBuildFile; fileRef = EC5B245B19141C6000B822C3 /* UIKit.framework */; };
		EC5B246219141C6000B822C3 /* InfoPlist.strings in Resources */ = {isa = PBXBuildFile; fileRef = EC5B246019141C6000B822C3 /* InfoPlist.strings */; };
		EC5B246419141C6000B822C3 /* main.m in Sources */ = {isa = PBXBuildFile; fileRef = EC5B246319141C6000B822C3 /* main.m */; };
		EC5B246819141C6000B822C3 /* AppDelegate.m in Sources */ = {isa = PBXBuildFile; fileRef = EC5B246719141C6000B822C3 /* AppDelegate.m */; };
		EC5B246B19141C6000B822C3 /* Main_iPhone.storyboard in Resources */ = {isa = PBXBuildFile; fileRef = EC5B246919141C6000B822C3 /* Main_iPhone.storyboard */; };
		EC5B246E19141C6000B822C3 /* Main_iPad.storyboard in Resources */ = {isa = PBXBuildFile; fileRef = EC5B246C19141C6000B822C3 /* Main_iPad.storyboard */; };
		EC5B247319141C6000B822C3 /* Images.xcassets in Resources */ = {isa = PBXBuildFile; fileRef = EC5B247219141C6000B822C3 /* Images.xcassets */; };
		EC5B247A19141C6000B822C3 /* XCTest.framework in Frameworks */ = {isa = PBXBuildFile; fileRef = EC5B247919141C6000B822C3 /* XCTest.framework */; };
		EC5B247B19141C6000B822C3 /* Foundation.framework in Frameworks */ = {isa = PBXBuildFile; fileRef = EC5B245719141C5F00B822C3 /* Foundation.framework */; };
		EC5B247C19141C6000B822C3 /* UIKit.framework in Frameworks */ = {isa = PBXBuildFile; fileRef = EC5B245B19141C6000B822C3 /* UIKit.framework */; };
		EC5B248419141C6000B822C3 /* InfoPlist.strings in Resources */ = {isa = PBXBuildFile; fileRef = EC5B248219141C6000B822C3 /* InfoPlist.strings */; };
		EC5B248619141C6000B822C3 /* ShutterbugTests.m in Sources */ = {isa = PBXBuildFile; fileRef = EC5B248519141C6000B822C3 /* ShutterbugTests.m */; };
		EC5B249119141C9000B822C3 /* FlickrPhotosTVC.m in Sources */ = {isa = PBXBuildFile; fileRef = EC5B249019141C9000B822C3 /* FlickrPhotosTVC.m */; };
		EC5B249419141D6000B822C3 /* JustPostedFlickrPhotosTVC.m in Sources */ = {isa = PBXBuildFile; fileRef = EC5B249319141D6000B822C3 /* JustPostedFlickrPhotosTVC.m */; };
		EC5B249C1914207D00B822C3 /* RenderPhotosTVC.m in Sources */ = {isa = PBXBuildFile; fileRef = EC5B249B1914207D00B822C3 /* RenderPhotosTVC.m */; };
/* End PBXBuildFile section */

/* Begin PBXContainerItemProxy section */
		EC5B247D19141C6000B822C3 /* PBXContainerItemProxy */ = {
			isa = PBXContainerItemProxy;
			containerPortal = EC5B244C19141C5F00B822C3 /* Project object */;
			proxyType = 1;
			remoteGlobalIDString = EC5B245319141C5F00B822C3;
			remoteInfo = Shutterbug;
		};
/* End PBXContainerItemProxy section */

/* Begin PBXFileReference section */
		D137CC1A192B085100DECA9A /* CoreDataTableViewController.h */ = {isa = PBXFileReference; fileEncoding = 4; lastKnownFileType = sourcecode.c.h; path = CoreDataTableViewController.h; sourceTree = "<group>"; };
		D137CC1B192B085100DECA9A /* CoreDataTableViewController.m */ = {isa = PBXFileReference; fileEncoding = 4; lastKnownFileType = sourcecode.c.objc; path = CoreDataTableViewController.m; sourceTree = "<group>"; };
		D137CC22192B0BFB00DECA9A /* Model.xcdatamodel */ = {isa = PBXFileReference; lastKnownFileType = wrapper.xcdatamodel; path = Model.xcdatamodel; sourceTree = "<group>"; };
		D137CC24192B111C00DECA9A /* Photo.h */ = {isa = PBXFileReference; fileEncoding = 4; lastKnownFileType = sourcecode.c.h; path = Photo.h; sourceTree = "<group>"; };
		D137CC25192B111C00DECA9A /* Photo.m */ = {isa = PBXFileReference; fileEncoding = 4; lastKnownFileType = sourcecode.c.objc; path = Photo.m; sourceTree = "<group>"; };
		D137CC27192B116300DECA9A /* Photographer.h */ = {isa = PBXFileReference; fileEncoding = 4; lastKnownFileType = sourcecode.c.h; path = Photographer.h; sourceTree = "<group>"; };
		D137CC28192B116300DECA9A /* Photographer.m */ = {isa = PBXFileReference; fileEncoding = 4; lastKnownFileType = sourcecode.c.objc; path = Photographer.m; sourceTree = "<group>"; };
		D137CC2A192B117500DECA9A /* Place.h */ = {isa = PBXFileReference; fileEncoding = 4; lastKnownFileType = sourcecode.c.h; path = Place.h; sourceTree = "<group>"; };
		D137CC2B192B117500DECA9A /* Place.m */ = {isa = PBXFileReference; fileEncoding = 4; lastKnownFileType = sourcecode.c.objc; path = Place.m; sourceTree = "<group>"; };
		D137CC2D192B118800DECA9A /* Region.h */ = {isa = PBXFileReference; fileEncoding = 4; lastKnownFileType = sourcecode.c.h; path = Region.h; sourceTree = "<group>"; };
		D137CC2E192B118800DECA9A /* Region.m */ = {isa = PBXFileReference; fileEncoding = 4; lastKnownFileType = sourcecode.c.objc; path = Region.m; sourceTree = "<group>"; };
		D137CC32192B12B800DECA9A /* Photo+Flickr.h */ = {isa = PBXFileReference; fileEncoding = 4; lastKnownFileType = sourcecode.c.h; path = "Photo+Flickr.h"; sourceTree = "<group>"; };
		D137CC33192B12B800DECA9A /* Photo+Flickr.m */ = {isa = PBXFileReference; fileEncoding = 4; lastKnownFileType = sourcecode.c.objc; path = "Photo+Flickr.m"; sourceTree = "<group>"; };
		D137CC34192B12B800DECA9A /* Photographer+Create.h */ = {isa = PBXFileReference; fileEncoding = 4; lastKnownFileType = sourcecode.c.h; path = "Photographer+Create.h"; sourceTree = "<group>"; };
		D137CC35192B12B800DECA9A /* Photographer+Create.m */ = {isa = PBXFileReference; fileEncoding = 4; lastKnownFileType = sourcecode.c.objc; path = "Photographer+Create.m"; sourceTree = "<group>"; };
		D137CC38192B150200DECA9A /* Place+Create.h */ = {isa = PBXFileReference; fileEncoding = 4; lastKnownFileType = sourcecode.c.h; path = "Place+Create.h"; sourceTree = "<group>"; };
		D137CC39192B150200DECA9A /* Place+Create.m */ = {isa = PBXFileReference; fileEncoding = 4; lastKnownFileType = sourcecode.c.objc; path = "Place+Create.m"; sourceTree = "<group>"; };
		D137CC3B192B17B400DECA9A /* Region+Create.h */ = {isa = PBXFileReference; fileEncoding = 4; lastKnownFileType = sourcecode.c.h; path = "Region+Create.h"; sourceTree = "<group>"; };
		D137CC3C192B17B400DECA9A /* Region+Create.m */ = {isa = PBXFileReference; fileEncoding = 4; lastKnownFileType = sourcecode.c.objc; path = "Region+Create.m"; sourceTree = "<group>"; };
		D163DEBD1921CCD60061D957 /* PhotosTVC.h */ = {isa = PBXFileReference; fileEncoding = 4; lastKnownFileType = sourcecode.c.h; path = PhotosTVC.h; sourceTree = "<group>"; };
		D163DEBE1921CCD60061D957 /* PhotosTVC.m */ = {isa = PBXFileReference; fileEncoding = 4; lastKnownFileType = sourcecode.c.objc; path = PhotosTVC.m; sourceTree = "<group>"; };
		D163DEC31921F4260061D957 /* PhotoViewController.h */ = {isa = PBXFileReference; fileEncoding = 4; lastKnownFileType = sourcecode.c.h; name = PhotoViewController.h; path = ../PhotoViewController.h; sourceTree = "<group>"; };
		D163DEC41921F4260061D957 /* PhotoViewController.m */ = {isa = PBXFileReference; fileEncoding = 4; lastKnownFileType = sourcecode.c.objc; name = PhotoViewController.m; path = ../PhotoViewController.m; sourceTree = "<group>"; };
		D1AFD4131922B825006C8265 /* RecentTVC.h */ = {isa = PBXFileReference; fileEncoding = 4; lastKnownFileType = sourcecode.c.h; path = RecentTVC.h; sourceTree = "<group>"; };
		D1AFD4141922B825006C8265 /* RecentTVC.m */ = {isa = PBXFileReference; fileEncoding = 4; lastKnownFileType = sourcecode.c.objc; path = RecentTVC.m; sourceTree = "<group>"; };
		D1AFD4161922B8E2006C8265 /* RecentViewController.h */ = {isa = PBXFileReference; fileEncoding = 4; lastKnownFileType = sourcecode.c.h; path = RecentViewController.h; sourceTree = "<group>"; };
		D1AFD4171922B8E2006C8265 /* RecentViewController.m */ = {isa = PBXFileReference; fileEncoding = 4; lastKnownFileType = sourcecode.c.objc; path = RecentViewController.m; sourceTree = "<group>"; };
		EC51E309191B3281002272BE /* FlickrAPIKey.h */ = {isa = PBXFileReference; fileEncoding = 4; lastKnownFileType = sourcecode.c.h; path = FlickrAPIKey.h; sourceTree = "<group>"; };
		EC51E30A191B3281002272BE /* FlickrFetcher.h */ = {isa = PBXFileReference; fileEncoding = 4; lastKnownFileType = sourcecode.c.h; path = FlickrFetcher.h; sourceTree = "<group>"; };
		EC51E30B191B3281002272BE /* FlickrFetcher.m */ = {isa = PBXFileReference; fileEncoding = 4; lastKnownFileType = sourcecode.c.objc; path = FlickrFetcher.m; sourceTree = "<group>"; };
		EC5B245419141C5F00B822C3 /* TopPlacesPhotos.app */ = {isa = PBXFileReference; explicitFileType = wrapper.application; includeInIndex = 0; path = TopPlacesPhotos.app; sourceTree = BUILT_PRODUCTS_DIR; };
		EC5B245719141C5F00B822C3 /* Foundation.framework */ = {isa = PBXFileReference; lastKnownFileType = wrapper.framework; name = Foundation.framework; path = System/Library/Frameworks/Foundation.framework; sourceTree = SDKROOT; };
		EC5B245919141C6000B822C3 /* CoreGraphics.framework */ = {isa = PBXFileReference; lastKnownFileType = wrapper.framework; name = CoreGraphics.framework; path = System/Library/Frameworks/CoreGraphics.framework; sourceTree = SDKROOT; };
		EC5B245B19141C6000B822C3 /* UIKit.framework */ = {isa = PBXFileReference; lastKnownFileType = wrapper.framework; name = UIKit.framework; path = System/Library/Frameworks/UIKit.framework; sourceTree = SDKROOT; };
		EC5B245F19141C6000B822C3 /* TopPlacesPhotos-Info.plist */ = {isa = PBXFileReference; lastKnownFileType = text.plist.xml; path = "TopPlacesPhotos-Info.plist"; sourceTree = "<group>"; };
		EC5B246119141C6000B822C3 /* en */ = {isa = PBXFileReference; lastKnownFileType = text.plist.strings; name = en; path = en.lproj/InfoPlist.strings; sourceTree = "<group>"; };
		EC5B246319141C6000B822C3 /* main.m */ = {isa = PBXFileReference; lastKnownFileType = sourcecode.c.objc; path = main.m; sourceTree = "<group>"; };
		EC5B246519141C6000B822C3 /* TopPlacesPhotos-Prefix.pch */ = {isa = PBXFileReference; lastKnownFileType = sourcecode.c.h; path = "TopPlacesPhotos-Prefix.pch"; sourceTree = "<group>"; };
		EC5B246619141C6000B822C3 /* AppDelegate.h */ = {isa = PBXFileReference; lastKnownFileType = sourcecode.c.h; path = AppDelegate.h; sourceTree = "<group>"; };
		EC5B246719141C6000B822C3 /* AppDelegate.m */ = {isa = PBXFileReference; lastKnownFileType = sourcecode.c.objc; path = AppDelegate.m; sourceTree = "<group>"; };
		EC5B246A19141C6000B822C3 /* Base */ = {isa = PBXFileReference; lastKnownFileType = file.storyboard; name = Base; path = Base.lproj/Main_iPhone.storyboard; sourceTree = "<group>"; };
		EC5B246D19141C6000B822C3 /* Base */ = {isa = PBXFileReference; lastKnownFileType = file.storyboard; name = Base; path = Base.lproj/Main_iPad.storyboard; sourceTree = "<group>"; };
		EC5B247219141C6000B822C3 /* Images.xcassets */ = {isa = PBXFileReference; lastKnownFileType = folder.assetcatalog; path = Images.xcassets; sourceTree = "<group>"; };
		EC5B247819141C6000B822C3 /* TopPlacesPhotosTests.xctest */ = {isa = PBXFileReference; explicitFileType = wrapper.cfbundle; includeInIndex = 0; path = TopPlacesPhotosTests.xctest; sourceTree = BUILT_PRODUCTS_DIR; };
		EC5B247919141C6000B822C3 /* XCTest.framework */ = {isa = PBXFileReference; lastKnownFileType = wrapper.framework; name = XCTest.framework; path = Library/Frameworks/XCTest.framework; sourceTree = DEVELOPER_DIR; };
		EC5B248119141C6000B822C3 /* TopPlacesPhotosTests-Info.plist */ = {isa = PBXFileReference; lastKnownFileType = text.plist.xml; path = "TopPlacesPhotosTests-Info.plist"; sourceTree = "<group>"; };
		EC5B248319141C6000B822C3 /* en */ = {isa = PBXFileReference; lastKnownFileType = text.plist.strings; name = en; path = en.lproj/InfoPlist.strings; sourceTree = "<group>"; };
		EC5B248519141C6000B822C3 /* ShutterbugTests.m */ = {isa = PBXFileReference; lastKnownFileType = sourcecode.c.objc; path = ShutterbugTests.m; sourceTree = "<group>"; };
		EC5B248F19141C9000B822C3 /* FlickrPhotosTVC.h */ = {isa = PBXFileReference; fileEncoding = 4; lastKnownFileType = sourcecode.c.h; path = FlickrPhotosTVC.h; sourceTree = "<group>"; };
		EC5B249019141C9000B822C3 /* FlickrPhotosTVC.m */ = {isa = PBXFileReference; fileEncoding = 4; lastKnownFileType = sourcecode.c.objc; path = FlickrPhotosTVC.m; sourceTree = "<group>"; };
		EC5B249219141D6000B822C3 /* JustPostedFlickrPhotosTVC.h */ = {isa = PBXFileReference; fileEncoding = 4; lastKnownFileType = sourcecode.c.h; path = JustPostedFlickrPhotosTVC.h; sourceTree = "<group>"; };
		EC5B249319141D6000B822C3 /* JustPostedFlickrPhotosTVC.m */ = {isa = PBXFileReference; fileEncoding = 4; lastKnownFileType = sourcecode.c.objc; path = JustPostedFlickrPhotosTVC.m; sourceTree = "<group>"; };
		EC5B249A1914207D00B822C3 /* RenderPhotosTVC.h */ = {isa = PBXFileReference; fileEncoding = 4; lastKnownFileType = sourcecode.c.h; path = RenderPhotosTVC.h; sourceTree = "<group>"; };
		EC5B249B1914207D00B822C3 /* RenderPhotosTVC.m */ = {isa = PBXFileReference; fileEncoding = 4; lastKnownFileType = sourcecode.c.objc; path = RenderPhotosTVC.m; sourceTree = "<group>"; };
/* End PBXFileReference section */

/* Begin PBXFrameworksBuildPhase section */
		EC5B245119141C5F00B822C3 /* Frameworks */ = {
			isa = PBXFrameworksBuildPhase;
			buildActionMask = 2147483647;
			files = (
				EC5B245A19141C6000B822C3 /* CoreGraphics.framework in Frameworks */,
				EC5B245C19141C6000B822C3 /* UIKit.framework in Frameworks */,
				EC5B245819141C6000B822C3 /* Foundation.framework in Frameworks */,
			);
			runOnlyForDeploymentPostprocessing = 0;
		};
		EC5B247519141C6000B822C3 /* Frameworks */ = {
			isa = PBXFrameworksBuildPhase;
			buildActionMask = 2147483647;
			files = (
				EC5B247A19141C6000B822C3 /* XCTest.framework in Frameworks */,
				EC5B247C19141C6000B822C3 /* UIKit.framework in Frameworks */,
				EC5B247B19141C6000B822C3 /* Foundation.framework in Frameworks */,
			);
			runOnlyForDeploymentPostprocessing = 0;
		};
/* End PBXFrameworksBuildPhase section */

/* Begin PBXGroup section */
		D137CC18192B068E00DECA9A /* Views */ = {
			isa = PBXGroup;
			children = (
				EC5B246919141C6000B822C3 /* Main_iPhone.storyboard */,
				EC5B246C19141C6000B822C3 /* Main_iPad.storyboard */,
			);
			name = Views;
			sourceTree = "<group>";
		};
		D137CC19192B06AD00DECA9A /* Controllers */ = {
			isa = PBXGroup;
			children = (
				EC5B248F19141C9000B822C3 /* FlickrPhotosTVC.h */,
				EC5B249019141C9000B822C3 /* FlickrPhotosTVC.m */,
				EC5B249219141D6000B822C3 /* JustPostedFlickrPhotosTVC.h */,
				EC5B249319141D6000B822C3 /* JustPostedFlickrPhotosTVC.m */,
				D163DEBD1921CCD60061D957 /* PhotosTVC.h */,
				D163DEBE1921CCD60061D957 /* PhotosTVC.m */,
				EC5B249A1914207D00B822C3 /* RenderPhotosTVC.h */,
				EC5B249B1914207D00B822C3 /* RenderPhotosTVC.m */,
				D163DEC31921F4260061D957 /* PhotoViewController.h */,
				D163DEC41921F4260061D957 /* PhotoViewController.m */,
				D137CC1F192B0A5B00DECA9A /* RecentPhotosControllers */,
			);
			name = Controllers;
			sourceTree = "<group>";
		};
		D137CC1E192B09AC00DECA9A /* CoreDataTVC */ = {
			isa = PBXGroup;
			children = (
				D137CC1A192B085100DECA9A /* CoreDataTableViewController.h */,
				D137CC1B192B085100DECA9A /* CoreDataTableViewController.m */,
			);
			name = CoreDataTVC;
			sourceTree = "<group>";
		};
		D137CC1F192B0A5B00DECA9A /* RecentPhotosControllers */ = {
			isa = PBXGroup;
			children = (
				D1AFD4131922B825006C8265 /* RecentTVC.h */,
				D1AFD4141922B825006C8265 /* RecentTVC.m */,
				D1AFD4161922B8E2006C8265 /* RecentViewController.h */,
				D1AFD4171922B8E2006C8265 /* RecentViewController.m */,
			);
			name = RecentPhotosControllers;
			sourceTree = "<group>";
		};
		D137CC20192B0B8400DECA9A /* CoreData */ = {
			isa = PBXGroup;
			children = (
				D137CC1E192B09AC00DECA9A /* CoreDataTVC */,
				D137CC21192B0BFB00DECA9A /* Model.xcdatamodeld */,
				D137CC31192B128100DECA9A /* Models */,
				D137CC30192B125D00DECA9A /* Schema */,
			);
			name = CoreData;
			sourceTree = "<group>";
		};
		D137CC30192B125D00DECA9A /* Schema */ = {
			isa = PBXGroup;
			children = (
				D137CC2D192B118800DECA9A /* Region.h */,
				D137CC2E192B118800DECA9A /* Region.m */,
				D137CC2A192B117500DECA9A /* Place.h */,
				D137CC2B192B117500DECA9A /* Place.m */,
				D137CC27192B116300DECA9A /* Photographer.h */,
				D137CC28192B116300DECA9A /* Photographer.m */,
				D137CC24192B111C00DECA9A /* Photo.h */,
				D137CC25192B111C00DECA9A /* Photo.m */,
			);
			name = Schema;
			sourceTree = "<group>";
		};
		D137CC31192B128100DECA9A /* Models */ = {
			isa = PBXGroup;
			children = (
				D137CC32192B12B800DECA9A /* Photo+Flickr.h */,
				D137CC33192B12B800DECA9A /* Photo+Flickr.m */,
				D137CC34192B12B800DECA9A /* Photographer+Create.h */,
				D137CC35192B12B800DECA9A /* Photographer+Create.m */,
				D137CC38192B150200DECA9A /* Place+Create.h */,
				D137CC39192B150200DECA9A /* Place+Create.m */,
				D137CC3B192B17B400DECA9A /* Region+Create.h */,
				D137CC3C192B17B400DECA9A /* Region+Create.m */,
			);
			name = Models;
			sourceTree = "<group>";
		};
		EC5B244B19141C5F00B822C3 = {
			isa = PBXGroup;
			children = (
				EC5B245D19141C6000B822C3 /* Shutterbug */,
				EC5B247F19141C6000B822C3 /* ShutterbugTests */,
				EC5B245619141C5F00B822C3 /* Frameworks */,
				EC5B245519141C5F00B822C3 /* Products */,
			);
			sourceTree = "<group>";
		};
		EC5B245519141C5F00B822C3 /* Products */ = {
			isa = PBXGroup;
			children = (
				EC5B245419141C5F00B822C3 /* TopPlacesPhotos.app */,
				EC5B247819141C6000B822C3 /* TopPlacesPhotosTests.xctest */,
			);
			name = Products;
			sourceTree = "<group>";
		};
		EC5B245619141C5F00B822C3 /* Frameworks */ = {
			isa = PBXGroup;
			children = (
				EC5B245719141C5F00B822C3 /* Foundation.framework */,
				EC5B245919141C6000B822C3 /* CoreGraphics.framework */,
				EC5B245B19141C6000B822C3 /* UIKit.framework */,
				EC5B247919141C6000B822C3 /* XCTest.framework */,
			);
			name = Frameworks;
			sourceTree = "<group>";
		};
		EC5B245D19141C6000B822C3 /* Shutterbug */ = {
			isa = PBXGroup;
			children = (
				EC5B246619141C6000B822C3 /* AppDelegate.h */,
				EC5B246719141C6000B822C3 /* AppDelegate.m */,
				D137CC18192B068E00DECA9A /* Views */,
				D137CC20192B0B8400DECA9A /* CoreData */,
				D137CC19192B06AD00DECA9A /* Controllers */,
				EC754E6D191983DC00058F7D /* Flickr Fetcher */,
				EC5B247219141C6000B822C3 /* Images.xcassets */,
				EC5B245E19141C6000B822C3 /* Supporting Files */,
			);
			path = Shutterbug;
			sourceTree = "<group>";
		};
		EC5B245E19141C6000B822C3 /* Supporting Files */ = {
			isa = PBXGroup;
			children = (
				EC5B245F19141C6000B822C3 /* TopPlacesPhotos-Info.plist */,
				EC5B246019141C6000B822C3 /* InfoPlist.strings */,
				EC5B246319141C6000B822C3 /* main.m */,
				EC5B246519141C6000B822C3 /* TopPlacesPhotos-Prefix.pch */,
			);
			name = "Supporting Files";
			sourceTree = "<group>";
		};
		EC5B247F19141C6000B822C3 /* ShutterbugTests */ = {
			isa = PBXGroup;
			children = (
				EC5B248519141C6000B822C3 /* ShutterbugTests.m */,
				EC5B248019141C6000B822C3 /* Supporting Files */,
			);
			path = ShutterbugTests;
			sourceTree = "<group>";
		};
		EC5B248019141C6000B822C3 /* Supporting Files */ = {
			isa = PBXGroup;
			children = (
				EC5B248119141C6000B822C3 /* TopPlacesPhotosTests-Info.plist */,
				EC5B248219141C6000B822C3 /* InfoPlist.strings */,
			);
			name = "Supporting Files";
			sourceTree = "<group>";
		};
		EC754E6D191983DC00058F7D /* Flickr Fetcher */ = {
			isa = PBXGroup;
			children = (
				EC51E309191B3281002272BE /* FlickrAPIKey.h */,
				EC51E30A191B3281002272BE /* FlickrFetcher.h */,
				EC51E30B191B3281002272BE /* FlickrFetcher.m */,
			);
			path = "Flickr Fetcher";
			sourceTree = "<group>";
		};
/* End PBXGroup section */

/* Begin PBXNativeTarget section */
		EC5B245319141C5F00B822C3 /* TopPlacesPhotos */ = {
			isa = PBXNativeTarget;
			buildConfigurationList = EC5B248919141C6000B822C3 /* Build configuration list for PBXNativeTarget "TopPlacesPhotos" */;
			buildPhases = (
				EC5B245019141C5F00B822C3 /* Sources */,
				EC5B245119141C5F00B822C3 /* Frameworks */,
				EC5B245219141C5F00B822C3 /* Resources */,
			);
			buildRules = (
			);
			dependencies = (
			);
			name = TopPlacesPhotos;
			productName = Shutterbug;
			productReference = EC5B245419141C5F00B822C3 /* TopPlacesPhotos.app */;
			productType = "com.apple.product-type.application";
		};
		EC5B247719141C6000B822C3 /* TopPlacesPhotosTests */ = {
			isa = PBXNativeTarget;
			buildConfigurationList = EC5B248C19141C6000B822C3 /* Build configuration list for PBXNativeTarget "TopPlacesPhotosTests" */;
			buildPhases = (
				EC5B247419141C6000B822C3 /* Sources */,
				EC5B247519141C6000B822C3 /* Frameworks */,
				EC5B247619141C6000B822C3 /* Resources */,
			);
			buildRules = (
			);
			dependencies = (
				EC5B247E19141C6000B822C3 /* PBXTargetDependency */,
			);
			name = TopPlacesPhotosTests;
			productName = ShutterbugTests;
			productReference = EC5B247819141C6000B822C3 /* TopPlacesPhotosTests.xctest */;
			productType = "com.apple.product-type.bundle.unit-test";
		};
/* End PBXNativeTarget section */

/* Begin PBXProject section */
		EC5B244C19141C5F00B822C3 /* Project object */ = {
			isa = PBXProject;
			attributes = {
				LastUpgradeCheck = 0510;
				ORGANIZATIONNAME = "Stanford University";
				TargetAttributes = {
					EC5B247719141C6000B822C3 = {
						TestTargetID = EC5B245319141C5F00B822C3;
					};
				};
			};
			buildConfigurationList = EC5B244F19141C5F00B822C3 /* Build configuration list for PBXProject "TopPlacesPhotos" */;
			compatibilityVersion = "Xcode 3.2";
			developmentRegion = English;
			hasScannedForEncodings = 0;
			knownRegions = (
				en,
				Base,
			);
			mainGroup = EC5B244B19141C5F00B822C3;
			productRefGroup = EC5B245519141C5F00B822C3 /* Products */;
			projectDirPath = "";
			projectRoot = "";
			targets = (
				EC5B245319141C5F00B822C3 /* TopPlacesPhotos */,
				EC5B247719141C6000B822C3 /* TopPlacesPhotosTests */,
			);
		};
/* End PBXProject section */

/* Begin PBXResourcesBuildPhase section */
		EC5B245219141C5F00B822C3 /* Resources */ = {
			isa = PBXResourcesBuildPhase;
			buildActionMask = 2147483647;
			files = (
				EC5B246E19141C6000B822C3 /* Main_iPad.storyboard in Resources */,
				EC5B247319141C6000B822C3 /* Images.xcassets in Resources */,
				EC5B246B19141C6000B822C3 /* Main_iPhone.storyboard in Resources */,
				EC5B246219141C6000B822C3 /* InfoPlist.strings in Resources */,
			);
			runOnlyForDeploymentPostprocessing = 0;
		};
		EC5B247619141C6000B822C3 /* Resources */ = {
			isa = PBXResourcesBuildPhase;
			buildActionMask = 2147483647;
			files = (
				EC5B248419141C6000B822C3 /* InfoPlist.strings in Resources */,
			);
			runOnlyForDeploymentPostprocessing = 0;
		};
/* End PBXResourcesBuildPhase section */

/* Begin PBXSourcesBuildPhase section */
		EC5B245019141C5F00B822C3 /* Sources */ = {
			isa = PBXSourcesBuildPhase;
			buildActionMask = 2147483647;
			files = (
				D137CC36192B12B800DECA9A /* Photo+Flickr.m in Sources */,
				D137CC2C192B117500DECA9A /* Place.m in Sources */,
				D137CC29192B116300DECA9A /* Photographer.m in Sources */,
				EC5B249419141D6000B822C3 /* JustPostedFlickrPhotosTVC.m in Sources */,
				D163DEC51921F4260061D957 /* PhotoViewController.m in Sources */,
				D137CC3D192B17B400DECA9A /* Region+Create.m in Sources */,
				D137CC3A192B150200DECA9A /* Place+Create.m in Sources */,
				D137CC1C192B085100DECA9A /* CoreDataTableViewController.m in Sources */,
				EC5B249119141C9000B822C3 /* FlickrPhotosTVC.m in Sources */,
				D137CC26192B111C00DECA9A /* Photo.m in Sources */,
				D137CC2F192B118800DECA9A /* Region.m in Sources */,
				D1AFD4181922B8E2006C8265 /* RecentViewController.m in Sources */,
				EC5B246819141C6000B822C3 /* AppDelegate.m in Sources */,
				EC5B249C1914207D00B822C3 /* RenderPhotosTVC.m in Sources */,
				D137CC37192B12B800DECA9A /* Photographer+Create.m in Sources */,
				D163DEBF1921CCD60061D957 /* PhotosTVC.m in Sources */,
				EC51E30C191B3281002272BE /* FlickrFetcher.m in Sources */,
				D1AFD4151922B825006C8265 /* RecentTVC.m in Sources */,
				EC5B246419141C6000B822C3 /* main.m in Sources */,
				D137CC23192B0BFB00DECA9A /* Model.xcdatamodeld in Sources */,
			);
			runOnlyForDeploymentPostprocessing = 0;
		};
		EC5B247419141C6000B822C3 /* Sources */ = {
			isa = PBXSourcesBuildPhase;
			buildActionMask = 2147483647;
			files = (
				EC5B248619141C6000B822C3 /* ShutterbugTests.m in Sources */,
			);
			runOnlyForDeploymentPostprocessing = 0;
		};
/* End PBXSourcesBuildPhase section */

/* Begin PBXTargetDependency section */
		EC5B247E19141C6000B822C3 /* PBXTargetDependency */ = {
			isa = PBXTargetDependency;
			target = EC5B245319141C5F00B822C3 /* TopPlacesPhotos */;
			targetProxy = EC5B247D19141C6000B822C3 /* PBXContainerItemProxy */;
		};
/* End PBXTargetDependency section */

/* Begin PBXVariantGroup section */
		EC5B246019141C6000B822C3 /* InfoPlist.strings */ = {
			isa = PBXVariantGroup;
			children = (
				EC5B246119141C6000B822C3 /* en */,
			);
			name = InfoPlist.strings;
			sourceTree = "<group>";
		};
		EC5B246919141C6000B822C3 /* Main_iPhone.storyboard */ = {
			isa = PBXVariantGroup;
			children = (
				EC5B246A19141C6000B822C3 /* Base */,
			);
			name = Main_iPhone.storyboard;
			sourceTree = "<group>";
		};
		EC5B246C19141C6000B822C3 /* Main_iPad.storyboard */ = {
			isa = PBXVariantGroup;
			children = (
				EC5B246D19141C6000B822C3 /* Base */,
			);
			name = Main_iPad.storyboard;
			sourceTree = "<group>";
		};
		EC5B248219141C6000B822C3 /* InfoPlist.strings */ = {
			isa = PBXVariantGroup;
			children = (
				EC5B248319141C6000B822C3 /* en */,
			);
			name = InfoPlist.strings;
			sourceTree = "<group>";
		};
/* End PBXVariantGroup section */

/* Begin XCBuildConfiguration section */
		EC5B248719141C6000B822C3 /* Debug */ = {
			isa = XCBuildConfiguration;
			buildSettings = {
				ALWAYS_SEARCH_USER_PATHS = NO;
				CLANG_CXX_LANGUAGE_STANDARD = "gnu++0x";
				CLANG_CXX_LIBRARY = "libc++";
				CLANG_ENABLE_MODULES = YES;
				CLANG_ENABLE_OBJC_ARC = YES;
				CLANG_WARN_BOOL_CONVERSION = YES;
				CLANG_WARN_CONSTANT_CONVERSION = YES;
				CLANG_WARN_DIRECT_OBJC_ISA_USAGE = YES_ERROR;
				CLANG_WARN_EMPTY_BODY = YES;
				CLANG_WARN_ENUM_CONVERSION = YES;
				CLANG_WARN_INT_CONVERSION = YES;
				CLANG_WARN_OBJC_ROOT_CLASS = YES_ERROR;
				CLANG_WARN__DUPLICATE_METHOD_MATCH = YES;
				"CODE_SIGN_IDENTITY[sdk=iphoneos*]" = "iPhone Developer";
				COPY_PHASE_STRIP = NO;
				GCC_C_LANGUAGE_STANDARD = gnu99;
				GCC_DYNAMIC_NO_PIC = NO;
				GCC_OPTIMIZATION_LEVEL = 0;
				GCC_PREPROCESSOR_DEFINITIONS = (
					"DEBUG=1",
					"$(inherited)",
				);
				GCC_SYMBOLS_PRIVATE_EXTERN = NO;
				GCC_WARN_64_TO_32_BIT_CONVERSION = YES;
				GCC_WARN_ABOUT_RETURN_TYPE = YES_ERROR;
				GCC_WARN_UNDECLARED_SELECTOR = YES;
				GCC_WARN_UNINITIALIZED_AUTOS = YES_AGGRESSIVE;
				GCC_WARN_UNUSED_FUNCTION = YES;
				GCC_WARN_UNUSED_VARIABLE = YES;
				IPHONEOS_DEPLOYMENT_TARGET = 7.1;
				ONLY_ACTIVE_ARCH = YES;
				SDKROOT = iphoneos;
				TARGETED_DEVICE_FAMILY = "1,2";
			};
			name = Debug;
		};
		EC5B248819141C6000B822C3 /* Release */ = {
			isa = XCBuildConfiguration;
			buildSettings = {
				ALWAYS_SEARCH_USER_PATHS = NO;
				CLANG_CXX_LANGUAGE_STANDARD = "gnu++0x";
				CLANG_CXX_LIBRARY = "libc++";
				CLANG_ENABLE_MODULES = YES;
				CLANG_ENABLE_OBJC_ARC = YES;
				CLANG_WARN_BOOL_CONVERSION = YES;
				CLANG_WARN_CONSTANT_CONVERSION = YES;
				CLANG_WARN_DIRECT_OBJC_ISA_USAGE = YES_ERROR;
				CLANG_WARN_EMPTY_BODY = YES;
				CLANG_WARN_ENUM_CONVERSION = YES;
				CLANG_WARN_INT_CONVERSION = YES;
				CLANG_WARN_OBJC_ROOT_CLASS = YES_ERROR;
				CLANG_WARN__DUPLICATE_METHOD_MATCH = YES;
				"CODE_SIGN_IDENTITY[sdk=iphoneos*]" = "iPhone Developer";
				COPY_PHASE_STRIP = YES;
				ENABLE_NS_ASSERTIONS = NO;
				GCC_C_LANGUAGE_STANDARD = gnu99;
				GCC_WARN_64_TO_32_BIT_CONVERSION = YES;
				GCC_WARN_ABOUT_RETURN_TYPE = YES_ERROR;
				GCC_WARN_UNDECLARED_SELECTOR = YES;
				GCC_WARN_UNINITIALIZED_AUTOS = YES_AGGRESSIVE;
				GCC_WARN_UNUSED_FUNCTION = YES;
				GCC_WARN_UNUSED_VARIABLE = YES;
				IPHONEOS_DEPLOYMENT_TARGET = 7.1;
				SDKROOT = iphoneos;
				TARGETED_DEVICE_FAMILY = "1,2";
				VALIDATE_PRODUCT = YES;
			};
			name = Release;
		};
		EC5B248A19141C6000B822C3 /* Debug */ = {
			isa = XCBuildConfiguration;
			buildSettings = {
				ASSETCATALOG_COMPILER_APPICON_NAME = AppIcon;
				ASSETCATALOG_COMPILER_LAUNCHIMAGE_NAME = LaunchImage;
				GCC_PRECOMPILE_PREFIX_HEADER = YES;
				GCC_PREFIX_HEADER = "Shutterbug/TopPlacesPhotos-Prefix.pch";
				INFOPLIST_FILE = "Shutterbug/TopPlacesPhotos-Info.plist";
				PRODUCT_NAME = TopPlacesPhotos;
				TARGETED_DEVICE_FAMILY = "1,2";
				WRAPPER_EXTENSION = app;
			};
			name = Debug;
		};
		EC5B248B19141C6000B822C3 /* Release */ = {
			isa = XCBuildConfiguration;
			buildSettings = {
				ASSETCATALOG_COMPILER_APPICON_NAME = AppIcon;
				ASSETCATALOG_COMPILER_LAUNCHIMAGE_NAME = LaunchImage;
				GCC_PRECOMPILE_PREFIX_HEADER = YES;
				GCC_PREFIX_HEADER = "Shutterbug/TopPlacesPhotos-Prefix.pch";
				INFOPLIST_FILE = "Shutterbug/TopPlacesPhotos-Info.plist";
				PRODUCT_NAME = TopPlacesPhotos;
				TARGETED_DEVICE_FAMILY = "1,2";
				WRAPPER_EXTENSION = app;
			};
			name = Release;
		};
		EC5B248D19141C6000B822C3 /* Debug */ = {
			isa = XCBuildConfiguration;
			buildSettings = {
				BUNDLE_LOADER = "$(BUILT_PRODUCTS_DIR)/Shutterbug.app/Shutterbug";
				FRAMEWORK_SEARCH_PATHS = (
					"$(SDKROOT)/Developer/Library/Frameworks",
					"$(inherited)",
					"$(DEVELOPER_FRAMEWORKS_DIR)",
				);
				GCC_PRECOMPILE_PREFIX_HEADER = YES;
				GCC_PREFIX_HEADER = "Shutterbug/Shutterbug-Prefix.pch";
				GCC_PREPROCESSOR_DEFINITIONS = (
					"DEBUG=1",
					"$(inherited)",
				);
				INFOPLIST_FILE = "ShutterbugTests/TopPlacesPhotosTests-Info.plist";
				PRODUCT_NAME = TopPlacesPhotosTests;
				TEST_HOST = "$(BUNDLE_LOADER)";
				WRAPPER_EXTENSION = xctest;
			};
			name = Debug;
		};
		EC5B248E19141C6000B822C3 /* Release */ = {
			isa = XCBuildConfiguration;
			buildSettings = {
				BUNDLE_LOADER = "$(BUILT_PRODUCTS_DIR)/Shutterbug.app/Shutterbug";
				FRAMEWORK_SEARCH_PATHS = (
					"$(SDKROOT)/Developer/Library/Frameworks",
					"$(inherited)",
					"$(DEVELOPER_FRAMEWORKS_DIR)",
				);
				GCC_PRECOMPILE_PREFIX_HEADER = YES;
				GCC_PREFIX_HEADER = "Shutterbug/Shutterbug-Prefix.pch";
				INFOPLIST_FILE = "ShutterbugTests/TopPlacesPhotosTests-Info.plist";
				PRODUCT_NAME = TopPlacesPhotosTests;
				TEST_HOST = "$(BUNDLE_LOADER)";
				WRAPPER_EXTENSION = xctest;
			};
			name = Release;
		};
/* End XCBuildConfiguration section */

/* Begin XCConfigurationList section */
		EC5B244F19141C5F00B822C3 /* Build configuration list for PBXProject "TopPlacesPhotos" */ = {
			isa = XCConfigurationList;
			buildConfigurations = (
				EC5B248719141C6000B822C3 /* Debug */,
				EC5B248819141C6000B822C3 /* Release */,
			);
			defaultConfigurationIsVisible = 0;
			defaultConfigurationName = Release;
		};
		EC5B248919141C6000B822C3 /* Build configuration list for PBXNativeTarget "TopPlacesPhotos" */ = {
			isa = XCConfigurationList;
			buildConfigurations = (
				EC5B248A19141C6000B822C3 /* Debug */,
				EC5B248B19141C6000B822C3 /* Release */,
			);
			defaultConfigurationIsVisible = 0;
			defaultConfigurationName = Release;
		};
		EC5B248C19141C6000B822C3 /* Build configuration list for PBXNativeTarget "TopPlacesPhotosTests" */ = {
			isa = XCConfigurationList;
			buildConfigurations = (
				EC5B248D19141C6000B822C3 /* Debug */,
				EC5B248E19141C6000B822C3 /* Release */,
			);
			defaultConfigurationIsVisible = 0;
			defaultConfigurationName = Release;
		};
/* End XCConfigurationList section */

/* Begin XCVersionGroup section */
		D137CC21192B0BFB00DECA9A /* Model.xcdatamodeld */ = {
			isa = XCVersionGroup;
			children = (
				D137CC22192B0BFB00DECA9A /* Model.xcdatamodel */,
			);
			currentVersion = D137CC22192B0BFB00DECA9A /* Model.xcdatamodel */;
			path = Model.xcdatamodeld;
			sourceTree = "<group>";
			versionGroupType = wrapper.xcdatamodel;
		};
/* End XCVersionGroup section */
	};
	rootObject = EC5B244C19141C5F00B822C3 /* Project object */;
}
